
Microsoft Visual Studio Solution File, Format Version 12.00
# Visual Studio Version 17
VisualStudioVersion = 17.0.31808.319
MinimumVisualStudioVersion = 10.0.40219.1
Project("{9A19103F-16F7-4668-BE54-9A1E7A4F7556}") = "WolvenManager.UI", "WolvenManager.UI\WolvenManager.UI.csproj", "{760038B4-13D9-45D6-9855-3BFF03662845}"
EndProject
Project("{9A19103F-16F7-4668-BE54-9A1E7A4F7556}") = "WolvenManager.App", "WolvenManager.App\WolvenManager.App.csproj", "{B69B9FBB-1A42-4CC9-BB3C-E41AC6A26E2E}"
EndProject
Project("{2150E333-8FDC-42A3-9474-1A3956D46DE8}") = "Solution Items", "Solution Items", "{A7E81C31-BB0E-49F4-B74C-A23AD8F23C5E}"
	ProjectSection(SolutionItems) = preProject
		.editorconfig = .editorconfig
	EndProjectSection
EndProject
Project("{2150E333-8FDC-42A3-9474-1A3956D46DE8}") = "WolvenKit", "WolvenKit", "{86A76985-935B-4E70-81A2-2D66EA32E7C4}"
EndProject
Project("{2150E333-8FDC-42A3-9474-1A3956D46DE8}") = "Inno Setup", "Inno Setup", "{025FB546-14F3-4453-863B-46FD9458D02D}"
	ProjectSection(SolutionItems) = preProject
		InnoSetup\installer.iss = InnoSetup\installer.iss
	EndProjectSection
EndProject
Project("{9A19103F-16F7-4668-BE54-9A1E7A4F7556}") = "WolvenKit.Core", "WolvenKit\WolvenKit.Core\WolvenKit.Core.csproj", "{0A5E7093-76C7-4BF1-83BE-BFE91E7B98D8}"
EndProject
Project("{9A19103F-16F7-4668-BE54-9A1E7A4F7556}") = "WolvenKit.RED4.Types", "WolvenKit\WolvenKit.RED4.Types\WolvenKit.RED4.Types.csproj", "{71C23436-41FC-474E-ADFC-BCB59A22F16D}"
EndProject
Project("{9A19103F-16F7-4668-BE54-9A1E7A4F7556}") = "WolvenKit.RED4.TweakDB", "WolvenKit\WolvenKit.RED4.TweakDB\WolvenKit.RED4.TweakDB.csproj", "{226744FE-5B9A-4C65-8E80-2D6D62F56D5C}"
EndProject
Project("{9A19103F-16F7-4668-BE54-9A1E7A4F7556}") = "WolvenKit.Common", "WolvenKit\WolvenKit.Common\WolvenKit.Common.csproj", "{69B16657-BFAD-4F94-AC14-E7E55A758355}"
EndProject
Project("{9A19103F-16F7-4668-BE54-9A1E7A4F7556}") = "WolvenKit.Modkit", "WolvenKit\WolvenKit.Modkit\WolvenKit.Modkit.csproj", "{7581C826-AA45-44C1-9376-9D138F523833}"
EndProject
Project("{9A19103F-16F7-4668-BE54-9A1E7A4F7556}") = "WolvenKit.RED4.Archive", "WolvenKit\WolvenKit.RED4.Archive\WolvenKit.RED4.Archive.csproj", "{C6E9D82B-D649-4574-8442-620DF61C3711}"
EndProject
Global
	GlobalSection(SolutionConfigurationPlatforms) = preSolution
		Debug|x64 = Debug|x64
		Profile|x64 = Profile|x64
		Release|x64 = Release|x64
	EndGlobalSection
	GlobalSection(ProjectConfigurationPlatforms) = postSolution
		{760038B4-13D9-45D6-9855-3BFF03662845}.Debug|x64.ActiveCfg = Debug|Any CPU
		{760038B4-13D9-45D6-9855-3BFF03662845}.Debug|x64.Build.0 = Debug|Any CPU
		{760038B4-13D9-45D6-9855-3BFF03662845}.Profile|x64.ActiveCfg = Release|Any CPU
		{760038B4-13D9-45D6-9855-3BFF03662845}.Profile|x64.Build.0 = Release|Any CPU
		{760038B4-13D9-45D6-9855-3BFF03662845}.Release|x64.ActiveCfg = Release|Any CPU
		{760038B4-13D9-45D6-9855-3BFF03662845}.Release|x64.Build.0 = Release|Any CPU
		{B69B9FBB-1A42-4CC9-BB3C-E41AC6A26E2E}.Debug|x64.ActiveCfg = Debug|Any CPU
		{B69B9FBB-1A42-4CC9-BB3C-E41AC6A26E2E}.Debug|x64.Build.0 = Debug|Any CPU
		{B69B9FBB-1A42-4CC9-BB3C-E41AC6A26E2E}.Profile|x64.ActiveCfg = Release|Any CPU
		{B69B9FBB-1A42-4CC9-BB3C-E41AC6A26E2E}.Profile|x64.Build.0 = Release|Any CPU
		{B69B9FBB-1A42-4CC9-BB3C-E41AC6A26E2E}.Release|x64.ActiveCfg = Release|Any CPU
		{B69B9FBB-1A42-4CC9-BB3C-E41AC6A26E2E}.Release|x64.Build.0 = Release|Any CPU
		{0A5E7093-76C7-4BF1-83BE-BFE91E7B98D8}.Debug|x64.ActiveCfg = Debug|x64
		{0A5E7093-76C7-4BF1-83BE-BFE91E7B98D8}.Debug|x64.Build.0 = Debug|x64
		{0A5E7093-76C7-4BF1-83BE-BFE91E7B98D8}.Profile|x64.ActiveCfg = Debug|x64
		{0A5E7093-76C7-4BF1-83BE-BFE91E7B98D8}.Profile|x64.Build.0 = Debug|x64
		{0A5E7093-76C7-4BF1-83BE-BFE91E7B98D8}.Release|x64.ActiveCfg = Release|x64
		{0A5E7093-76C7-4BF1-83BE-BFE91E7B98D8}.Release|x64.Build.0 = Release|x64
		{71C23436-41FC-474E-ADFC-BCB59A22F16D}.Debug|x64.ActiveCfg = Debug|x64
		{71C23436-41FC-474E-ADFC-BCB59A22F16D}.Debug|x64.Build.0 = Debug|x64
		{71C23436-41FC-474E-ADFC-BCB59A22F16D}.Profile|x64.ActiveCfg = Debug|x64
		{71C23436-41FC-474E-ADFC-BCB59A22F16D}.Profile|x64.Build.0 = Debug|x64
		{71C23436-41FC-474E-ADFC-BCB59A22F16D}.Release|x64.ActiveCfg = Release|x64
		{71C23436-41FC-474E-ADFC-BCB59A22F16D}.Release|x64.Build.0 = Release|x64
		{226744FE-5B9A-4C65-8E80-2D6D62F56D5C}.Debug|x64.ActiveCfg = Debug|x64
		{226744FE-5B9A-4C65-8E80-2D6D62F56D5C}.Debug|x64.Build.0 = Debug|x64
		{226744FE-5B9A-4C65-8E80-2D6D62F56D5C}.Profile|x64.ActiveCfg = Debug|x64
		{226744FE-5B9A-4C65-8E80-2D6D62F56D5C}.Profile|x64.Build.0 = Debug|x64
		{226744FE-5B9A-4C65-8E80-2D6D62F56D5C}.Release|x64.ActiveCfg = Release|x64
		{226744FE-5B9A-4C65-8E80-2D6D62F56D5C}.Release|x64.Build.0 = Release|x64
		{69B16657-BFAD-4F94-AC14-E7E55A758355}.Debug|x64.ActiveCfg = Debug|x64
		{69B16657-BFAD-4F94-AC14-E7E55A758355}.Debug|x64.Build.0 = Debug|x64
		{69B16657-BFAD-4F94-AC14-E7E55A758355}.Profile|x64.ActiveCfg = Debug|x64
		{69B16657-BFAD-4F94-AC14-E7E55A758355}.Profile|x64.Build.0 = Debug|x64
		{69B16657-BFAD-4F94-AC14-E7E55A758355}.Release|x64.ActiveCfg = Release|x64
		{69B16657-BFAD-4F94-AC14-E7E55A758355}.Release|x64.Build.0 = Release|x64
		{7581C826-AA45-44C1-9376-9D138F523833}.Debug|x64.ActiveCfg = Debug|x64
		{7581C826-AA45-44C1-9376-9D138F523833}.Debug|x64.Build.0 = Debug|x64
		{7581C826-AA45-44C1-9376-9D138F523833}.Profile|x64.ActiveCfg = Debug|x64
		{7581C826-AA45-44C1-9376-9D138F523833}.Profile|x64.Build.0 = Debug|x64
		{7581C826-AA45-44C1-9376-9D138F523833}.Release|x64.ActiveCfg = Release|x64
		{7581C826-AA45-44C1-9376-9D138F523833}.Release|x64.Build.0 = Release|x64
		{C6E9D82B-D649-4574-8442-620DF61C3711}.Debug|x64.ActiveCfg = Debug|x64
		{C6E9D82B-D649-4574-8442-620DF61C3711}.Debug|x64.Build.0 = Debug|x64
		{C6E9D82B-D649-4574-8442-620DF61C3711}.Profile|x64.ActiveCfg = Release|x64
		{C6E9D82B-D649-4574-8442-620DF61C3711}.Profile|x64.Build.0 = Release|x64
		{C6E9D82B-D649-4574-8442-620DF61C3711}.Release|x64.ActiveCfg = Release|x64
		{C6E9D82B-D649-4574-8442-620DF61C3711}.Release|x64.Build.0 = Release|x64
	EndGlobalSection
	GlobalSection(SolutionProperties) = preSolution
		HideSolutionNode = FALSE
	EndGlobalSection
	GlobalSection(NestedProjects) = preSolution
		{0A5E7093-76C7-4BF1-83BE-BFE91E7B98D8} = {86A76985-935B-4E70-81A2-2D66EA32E7C4}
		{71C23436-41FC-474E-ADFC-BCB59A22F16D} = {86A76985-935B-4E70-81A2-2D66EA32E7C4}
		{226744FE-5B9A-4C65-8E80-2D6D62F56D5C} = {86A76985-935B-4E70-81A2-2D66EA32E7C4}
		{69B16657-BFAD-4F94-AC14-E7E55A758355} = {86A76985-935B-4E70-81A2-2D66EA32E7C4}
		{7581C826-AA45-44C1-9376-9D138F523833} = {86A76985-935B-4E70-81A2-2D66EA32E7C4}
		{C6E9D82B-D649-4574-8442-620DF61C3711} = {86A76985-935B-4E70-81A2-2D66EA32E7C4}
	EndGlobalSection
	GlobalSection(ExtensibilityGlobals) = postSolution
		SolutionGuid = {1F54558B-BA19-4FA2-9182-7BBAE8C5E90C}
	EndGlobalSection
EndGlobal
