
Microsoft Visual Studio Solution File, Format Version 12.00
# Visual Studio Version 16
VisualStudioVersion = 16.0.31624.102
MinimumVisualStudioVersion = 10.0.40219.1
Project("{9A19103F-16F7-4668-BE54-9A1E7A4F7556}") = "WolvenManager.UI", "WolvenManager.UI\WolvenManager.UI.csproj", "{760038B4-13D9-45D6-9855-3BFF03662845}"
EndProject
Project("{9A19103F-16F7-4668-BE54-9A1E7A4F7556}") = "WolvenManager.App", "WolvenManager.App\WolvenManager.App.csproj", "{B69B9FBB-1A42-4CC9-BB3C-E41AC6A26E2E}"
EndProject
Project("{2150E333-8FDC-42A3-9474-1A3956D46DE8}") = "Solution Items", "Solution Items", "{A7E81C31-BB0E-49F4-B74C-A23AD8F23C5E}"
	ProjectSection(SolutionItems) = preProject
		.editorconfig = .editorconfig
	EndProjectSection
EndProject
Project("{9A19103F-16F7-4668-BE54-9A1E7A4F7556}") = "WolvenKit.Core", "WolvenKit\WolvenKit.Core\WolvenKit.Core.csproj", "{0FD81E73-F205-45BB-B6DE-B65C0F92E2B5}"
EndProject
Project("{9A19103F-16F7-4668-BE54-9A1E7A4F7556}") = "WolvenKit.Common", "WolvenKit\WolvenKit.Common\WolvenKit.Common.csproj", "{CAA3997E-B52A-4F68-AFA9-944780EA90B7}"
EndProject
Project("{9A19103F-16F7-4668-BE54-9A1E7A4F7556}") = "WolvenKit.Modkit", "WolvenKit\WolvenKit.Modkit\WolvenKit.Modkit.csproj", "{AB2989CB-CEC4-49C5-8BB6-F9D7BBE774DC}"
EndProject
Project("{2150E333-8FDC-42A3-9474-1A3956D46DE8}") = "WolvenKit", "WolvenKit", "{86A76985-935B-4E70-81A2-2D66EA32E7C4}"
EndProject
Project("{2150E333-8FDC-42A3-9474-1A3956D46DE8}") = "Inno Setup", "Inno Setup", "{025FB546-14F3-4453-863B-46FD9458D02D}"
	ProjectSection(SolutionItems) = preProject
		InnoSetup\installer.iss = InnoSetup\installer.iss
	EndProjectSection
EndProject
Project("{9A19103F-16F7-4668-BE54-9A1E7A4F7556}") = "WolvenManager.Installer", "WolvenKit\WolvenManager.Installer\WolvenManager.Installer.csproj", "{FE9717AC-A480-4349-9715-16BBFBBAD3CE}"
EndProject
Project("{8BC9CEB8-8B4A-11D0-8D11-00A0C91BC942}") = "DirectXTexSharp", "WolvenKit\DirectXTexSharp\DirectXTexSharp\DirectXTexSharp.vcxproj", "{44FFFFA9-F1E3-473E-AD4A-7BF36A4E19B8}"
EndProject
Project("{8BC9CEB8-8B4A-11D0-8D11-00A0C91BC942}") = "DirectXTex", "WolvenKit\DirectXTexSharp\DirectXTex\DirectXTex\DirectXTex_Desktop_2019_Win10.vcxproj", "{371B9FA9-4C90-4AC6-A123-ACED756D6C77}"
EndProject
Project("{9A19103F-16F7-4668-BE54-9A1E7A4F7556}") = "WolvenKit.RED4.CR2W", "WolvenKit\WolvenKit.RED4.CR2W\WolvenKit.RED4.CR2W.csproj", "{3F99B91E-AD05-40AB-9EE1-D041BDDCC510}"
EndProject
Global
	GlobalSection(SolutionConfigurationPlatforms) = preSolution
		Debug|ARM64 = Debug|ARM64
		Debug|x64 = Debug|x64
		Debug|x86 = Debug|x86
		Profile|ARM64 = Profile|ARM64
		Profile|x64 = Profile|x64
		Profile|x86 = Profile|x86
		Release|ARM64 = Release|ARM64
		Release|x64 = Release|x64
		Release|x86 = Release|x86
	EndGlobalSection
	GlobalSection(ProjectConfigurationPlatforms) = postSolution
		{760038B4-13D9-45D6-9855-3BFF03662845}.Debug|ARM64.ActiveCfg = Debug|Any CPU
		{760038B4-13D9-45D6-9855-3BFF03662845}.Debug|ARM64.Build.0 = Debug|Any CPU
		{760038B4-13D9-45D6-9855-3BFF03662845}.Debug|x64.ActiveCfg = Debug|Any CPU
		{760038B4-13D9-45D6-9855-3BFF03662845}.Debug|x64.Build.0 = Debug|Any CPU
		{760038B4-13D9-45D6-9855-3BFF03662845}.Debug|x86.ActiveCfg = Debug|Any CPU
		{760038B4-13D9-45D6-9855-3BFF03662845}.Debug|x86.Build.0 = Debug|Any CPU
		{760038B4-13D9-45D6-9855-3BFF03662845}.Profile|ARM64.ActiveCfg = Release|Any CPU
		{760038B4-13D9-45D6-9855-3BFF03662845}.Profile|ARM64.Build.0 = Release|Any CPU
		{760038B4-13D9-45D6-9855-3BFF03662845}.Profile|x64.ActiveCfg = Release|Any CPU
		{760038B4-13D9-45D6-9855-3BFF03662845}.Profile|x64.Build.0 = Release|Any CPU
		{760038B4-13D9-45D6-9855-3BFF03662845}.Profile|x86.ActiveCfg = Release|Any CPU
		{760038B4-13D9-45D6-9855-3BFF03662845}.Profile|x86.Build.0 = Release|Any CPU
		{760038B4-13D9-45D6-9855-3BFF03662845}.Release|ARM64.ActiveCfg = Release|Any CPU
		{760038B4-13D9-45D6-9855-3BFF03662845}.Release|ARM64.Build.0 = Release|Any CPU
		{760038B4-13D9-45D6-9855-3BFF03662845}.Release|x64.ActiveCfg = Release|Any CPU
		{760038B4-13D9-45D6-9855-3BFF03662845}.Release|x64.Build.0 = Release|Any CPU
		{760038B4-13D9-45D6-9855-3BFF03662845}.Release|x86.ActiveCfg = Release|Any CPU
		{760038B4-13D9-45D6-9855-3BFF03662845}.Release|x86.Build.0 = Release|Any CPU
		{B69B9FBB-1A42-4CC9-BB3C-E41AC6A26E2E}.Debug|ARM64.ActiveCfg = Debug|Any CPU
		{B69B9FBB-1A42-4CC9-BB3C-E41AC6A26E2E}.Debug|ARM64.Build.0 = Debug|Any CPU
		{B69B9FBB-1A42-4CC9-BB3C-E41AC6A26E2E}.Debug|x64.ActiveCfg = Debug|Any CPU
		{B69B9FBB-1A42-4CC9-BB3C-E41AC6A26E2E}.Debug|x64.Build.0 = Debug|Any CPU
		{B69B9FBB-1A42-4CC9-BB3C-E41AC6A26E2E}.Debug|x86.ActiveCfg = Debug|Any CPU
		{B69B9FBB-1A42-4CC9-BB3C-E41AC6A26E2E}.Debug|x86.Build.0 = Debug|Any CPU
		{B69B9FBB-1A42-4CC9-BB3C-E41AC6A26E2E}.Profile|ARM64.ActiveCfg = Release|Any CPU
		{B69B9FBB-1A42-4CC9-BB3C-E41AC6A26E2E}.Profile|ARM64.Build.0 = Release|Any CPU
		{B69B9FBB-1A42-4CC9-BB3C-E41AC6A26E2E}.Profile|x64.ActiveCfg = Release|Any CPU
		{B69B9FBB-1A42-4CC9-BB3C-E41AC6A26E2E}.Profile|x64.Build.0 = Release|Any CPU
		{B69B9FBB-1A42-4CC9-BB3C-E41AC6A26E2E}.Profile|x86.ActiveCfg = Release|Any CPU
		{B69B9FBB-1A42-4CC9-BB3C-E41AC6A26E2E}.Profile|x86.Build.0 = Release|Any CPU
		{B69B9FBB-1A42-4CC9-BB3C-E41AC6A26E2E}.Release|ARM64.ActiveCfg = Release|Any CPU
		{B69B9FBB-1A42-4CC9-BB3C-E41AC6A26E2E}.Release|ARM64.Build.0 = Release|Any CPU
		{B69B9FBB-1A42-4CC9-BB3C-E41AC6A26E2E}.Release|x64.ActiveCfg = Release|Any CPU
		{B69B9FBB-1A42-4CC9-BB3C-E41AC6A26E2E}.Release|x64.Build.0 = Release|Any CPU
		{B69B9FBB-1A42-4CC9-BB3C-E41AC6A26E2E}.Release|x86.ActiveCfg = Release|Any CPU
		{B69B9FBB-1A42-4CC9-BB3C-E41AC6A26E2E}.Release|x86.Build.0 = Release|Any CPU
		{0FD81E73-F205-45BB-B6DE-B65C0F92E2B5}.Debug|ARM64.ActiveCfg = Debug|Any CPU
		{0FD81E73-F205-45BB-B6DE-B65C0F92E2B5}.Debug|ARM64.Build.0 = Debug|Any CPU
		{0FD81E73-F205-45BB-B6DE-B65C0F92E2B5}.Debug|x64.ActiveCfg = Debug|x64
		{0FD81E73-F205-45BB-B6DE-B65C0F92E2B5}.Debug|x64.Build.0 = Debug|x64
		{0FD81E73-F205-45BB-B6DE-B65C0F92E2B5}.Debug|x86.ActiveCfg = Debug|Any CPU
		{0FD81E73-F205-45BB-B6DE-B65C0F92E2B5}.Debug|x86.Build.0 = Debug|Any CPU
		{0FD81E73-F205-45BB-B6DE-B65C0F92E2B5}.Profile|ARM64.ActiveCfg = Debug|Any CPU
		{0FD81E73-F205-45BB-B6DE-B65C0F92E2B5}.Profile|ARM64.Build.0 = Debug|Any CPU
		{0FD81E73-F205-45BB-B6DE-B65C0F92E2B5}.Profile|x64.ActiveCfg = Release|x64
		{0FD81E73-F205-45BB-B6DE-B65C0F92E2B5}.Profile|x64.Build.0 = Release|x64
		{0FD81E73-F205-45BB-B6DE-B65C0F92E2B5}.Profile|x86.ActiveCfg = Debug|Any CPU
		{0FD81E73-F205-45BB-B6DE-B65C0F92E2B5}.Profile|x86.Build.0 = Debug|Any CPU
		{0FD81E73-F205-45BB-B6DE-B65C0F92E2B5}.Release|ARM64.ActiveCfg = Release|Any CPU
		{0FD81E73-F205-45BB-B6DE-B65C0F92E2B5}.Release|ARM64.Build.0 = Release|Any CPU
		{0FD81E73-F205-45BB-B6DE-B65C0F92E2B5}.Release|x64.ActiveCfg = Release|x64
		{0FD81E73-F205-45BB-B6DE-B65C0F92E2B5}.Release|x64.Build.0 = Release|x64
		{0FD81E73-F205-45BB-B6DE-B65C0F92E2B5}.Release|x86.ActiveCfg = Release|Any CPU
		{0FD81E73-F205-45BB-B6DE-B65C0F92E2B5}.Release|x86.Build.0 = Release|Any CPU
		{CAA3997E-B52A-4F68-AFA9-944780EA90B7}.Debug|ARM64.ActiveCfg = Debug|Any CPU
		{CAA3997E-B52A-4F68-AFA9-944780EA90B7}.Debug|ARM64.Build.0 = Debug|Any CPU
		{CAA3997E-B52A-4F68-AFA9-944780EA90B7}.Debug|x64.ActiveCfg = Debug|x64
		{CAA3997E-B52A-4F68-AFA9-944780EA90B7}.Debug|x64.Build.0 = Debug|x64
		{CAA3997E-B52A-4F68-AFA9-944780EA90B7}.Debug|x86.ActiveCfg = Debug|Any CPU
		{CAA3997E-B52A-4F68-AFA9-944780EA90B7}.Debug|x86.Build.0 = Debug|Any CPU
		{CAA3997E-B52A-4F68-AFA9-944780EA90B7}.Profile|ARM64.ActiveCfg = Debug|Any CPU
		{CAA3997E-B52A-4F68-AFA9-944780EA90B7}.Profile|ARM64.Build.0 = Debug|Any CPU
		{CAA3997E-B52A-4F68-AFA9-944780EA90B7}.Profile|x64.ActiveCfg = Release|x64
		{CAA3997E-B52A-4F68-AFA9-944780EA90B7}.Profile|x64.Build.0 = Release|x64
		{CAA3997E-B52A-4F68-AFA9-944780EA90B7}.Profile|x86.ActiveCfg = Debug|Any CPU
		{CAA3997E-B52A-4F68-AFA9-944780EA90B7}.Profile|x86.Build.0 = Debug|Any CPU
		{CAA3997E-B52A-4F68-AFA9-944780EA90B7}.Release|ARM64.ActiveCfg = Release|Any CPU
		{CAA3997E-B52A-4F68-AFA9-944780EA90B7}.Release|ARM64.Build.0 = Release|Any CPU
		{CAA3997E-B52A-4F68-AFA9-944780EA90B7}.Release|x64.ActiveCfg = Release|x64
		{CAA3997E-B52A-4F68-AFA9-944780EA90B7}.Release|x64.Build.0 = Release|x64
		{CAA3997E-B52A-4F68-AFA9-944780EA90B7}.Release|x86.ActiveCfg = Release|Any CPU
		{CAA3997E-B52A-4F68-AFA9-944780EA90B7}.Release|x86.Build.0 = Release|Any CPU
		{AB2989CB-CEC4-49C5-8BB6-F9D7BBE774DC}.Debug|ARM64.ActiveCfg = Debug|Any CPU
		{AB2989CB-CEC4-49C5-8BB6-F9D7BBE774DC}.Debug|ARM64.Build.0 = Debug|Any CPU
		{AB2989CB-CEC4-49C5-8BB6-F9D7BBE774DC}.Debug|x64.ActiveCfg = Debug|x64
		{AB2989CB-CEC4-49C5-8BB6-F9D7BBE774DC}.Debug|x64.Build.0 = Debug|x64
		{AB2989CB-CEC4-49C5-8BB6-F9D7BBE774DC}.Debug|x86.ActiveCfg = Debug|Any CPU
		{AB2989CB-CEC4-49C5-8BB6-F9D7BBE774DC}.Debug|x86.Build.0 = Debug|Any CPU
		{AB2989CB-CEC4-49C5-8BB6-F9D7BBE774DC}.Profile|ARM64.ActiveCfg = Debug|Any CPU
		{AB2989CB-CEC4-49C5-8BB6-F9D7BBE774DC}.Profile|ARM64.Build.0 = Debug|Any CPU
		{AB2989CB-CEC4-49C5-8BB6-F9D7BBE774DC}.Profile|x64.ActiveCfg = Release|x64
		{AB2989CB-CEC4-49C5-8BB6-F9D7BBE774DC}.Profile|x64.Build.0 = Release|x64
		{AB2989CB-CEC4-49C5-8BB6-F9D7BBE774DC}.Profile|x86.ActiveCfg = Debug|Any CPU
		{AB2989CB-CEC4-49C5-8BB6-F9D7BBE774DC}.Profile|x86.Build.0 = Debug|Any CPU
		{AB2989CB-CEC4-49C5-8BB6-F9D7BBE774DC}.Release|ARM64.ActiveCfg = Release|Any CPU
		{AB2989CB-CEC4-49C5-8BB6-F9D7BBE774DC}.Release|ARM64.Build.0 = Release|Any CPU
		{AB2989CB-CEC4-49C5-8BB6-F9D7BBE774DC}.Release|x64.ActiveCfg = Release|x64
		{AB2989CB-CEC4-49C5-8BB6-F9D7BBE774DC}.Release|x64.Build.0 = Release|x64
		{AB2989CB-CEC4-49C5-8BB6-F9D7BBE774DC}.Release|x86.ActiveCfg = Release|Any CPU
		{AB2989CB-CEC4-49C5-8BB6-F9D7BBE774DC}.Release|x86.Build.0 = Release|Any CPU
		{FE9717AC-A480-4349-9715-16BBFBBAD3CE}.Debug|ARM64.ActiveCfg = Debug|Any CPU
		{FE9717AC-A480-4349-9715-16BBFBBAD3CE}.Debug|ARM64.Build.0 = Debug|Any CPU
		{FE9717AC-A480-4349-9715-16BBFBBAD3CE}.Debug|x64.ActiveCfg = Debug|x64
		{FE9717AC-A480-4349-9715-16BBFBBAD3CE}.Debug|x64.Build.0 = Debug|x64
		{FE9717AC-A480-4349-9715-16BBFBBAD3CE}.Debug|x86.ActiveCfg = Debug|Any CPU
		{FE9717AC-A480-4349-9715-16BBFBBAD3CE}.Debug|x86.Build.0 = Debug|Any CPU
		{FE9717AC-A480-4349-9715-16BBFBBAD3CE}.Profile|ARM64.ActiveCfg = Debug|Any CPU
		{FE9717AC-A480-4349-9715-16BBFBBAD3CE}.Profile|ARM64.Build.0 = Debug|Any CPU
		{FE9717AC-A480-4349-9715-16BBFBBAD3CE}.Profile|x64.ActiveCfg = Release|x64
		{FE9717AC-A480-4349-9715-16BBFBBAD3CE}.Profile|x64.Build.0 = Release|x64
		{FE9717AC-A480-4349-9715-16BBFBBAD3CE}.Profile|x86.ActiveCfg = Debug|Any CPU
		{FE9717AC-A480-4349-9715-16BBFBBAD3CE}.Profile|x86.Build.0 = Debug|Any CPU
		{FE9717AC-A480-4349-9715-16BBFBBAD3CE}.Release|ARM64.ActiveCfg = Release|Any CPU
		{FE9717AC-A480-4349-9715-16BBFBBAD3CE}.Release|ARM64.Build.0 = Release|Any CPU
		{FE9717AC-A480-4349-9715-16BBFBBAD3CE}.Release|x64.ActiveCfg = Release|x64
		{FE9717AC-A480-4349-9715-16BBFBBAD3CE}.Release|x64.Build.0 = Release|x64
		{FE9717AC-A480-4349-9715-16BBFBBAD3CE}.Release|x86.ActiveCfg = Release|Any CPU
		{FE9717AC-A480-4349-9715-16BBFBBAD3CE}.Release|x86.Build.0 = Release|Any CPU
		{44FFFFA9-F1E3-473E-AD4A-7BF36A4E19B8}.Debug|ARM64.ActiveCfg = Debug|Win32
		{44FFFFA9-F1E3-473E-AD4A-7BF36A4E19B8}.Debug|x64.ActiveCfg = Debug|x64
		{44FFFFA9-F1E3-473E-AD4A-7BF36A4E19B8}.Debug|x64.Build.0 = Debug|x64
		{44FFFFA9-F1E3-473E-AD4A-7BF36A4E19B8}.Debug|x86.ActiveCfg = Debug|Win32
		{44FFFFA9-F1E3-473E-AD4A-7BF36A4E19B8}.Debug|x86.Build.0 = Debug|Win32
		{44FFFFA9-F1E3-473E-AD4A-7BF36A4E19B8}.Profile|ARM64.ActiveCfg = Debug|Win32
		{44FFFFA9-F1E3-473E-AD4A-7BF36A4E19B8}.Profile|ARM64.Build.0 = Debug|Win32
		{44FFFFA9-F1E3-473E-AD4A-7BF36A4E19B8}.Profile|x64.ActiveCfg = Debug|x64
		{44FFFFA9-F1E3-473E-AD4A-7BF36A4E19B8}.Profile|x64.Build.0 = Debug|x64
		{44FFFFA9-F1E3-473E-AD4A-7BF36A4E19B8}.Profile|x86.ActiveCfg = Debug|Win32
		{44FFFFA9-F1E3-473E-AD4A-7BF36A4E19B8}.Profile|x86.Build.0 = Debug|Win32
		{44FFFFA9-F1E3-473E-AD4A-7BF36A4E19B8}.Release|ARM64.ActiveCfg = Release|Win32
		{44FFFFA9-F1E3-473E-AD4A-7BF36A4E19B8}.Release|x64.ActiveCfg = Release|x64
		{44FFFFA9-F1E3-473E-AD4A-7BF36A4E19B8}.Release|x64.Build.0 = Release|x64
		{44FFFFA9-F1E3-473E-AD4A-7BF36A4E19B8}.Release|x86.ActiveCfg = Release|Win32
		{44FFFFA9-F1E3-473E-AD4A-7BF36A4E19B8}.Release|x86.Build.0 = Release|Win32
		{371B9FA9-4C90-4AC6-A123-ACED756D6C77}.Debug|ARM64.ActiveCfg = Debug|ARM64
		{371B9FA9-4C90-4AC6-A123-ACED756D6C77}.Debug|ARM64.Build.0 = Debug|ARM64
		{371B9FA9-4C90-4AC6-A123-ACED756D6C77}.Debug|x64.ActiveCfg = Debug|x64
		{371B9FA9-4C90-4AC6-A123-ACED756D6C77}.Debug|x64.Build.0 = Debug|x64
		{371B9FA9-4C90-4AC6-A123-ACED756D6C77}.Debug|x86.ActiveCfg = Debug|Win32
		{371B9FA9-4C90-4AC6-A123-ACED756D6C77}.Debug|x86.Build.0 = Debug|Win32
		{371B9FA9-4C90-4AC6-A123-ACED756D6C77}.Profile|ARM64.ActiveCfg = Profile|ARM64
		{371B9FA9-4C90-4AC6-A123-ACED756D6C77}.Profile|ARM64.Build.0 = Profile|ARM64
		{371B9FA9-4C90-4AC6-A123-ACED756D6C77}.Profile|x64.ActiveCfg = Profile|x64
		{371B9FA9-4C90-4AC6-A123-ACED756D6C77}.Profile|x64.Build.0 = Profile|x64
		{371B9FA9-4C90-4AC6-A123-ACED756D6C77}.Profile|x86.ActiveCfg = Profile|Win32
		{371B9FA9-4C90-4AC6-A123-ACED756D6C77}.Profile|x86.Build.0 = Profile|Win32
		{371B9FA9-4C90-4AC6-A123-ACED756D6C77}.Release|ARM64.ActiveCfg = Release|ARM64
		{371B9FA9-4C90-4AC6-A123-ACED756D6C77}.Release|ARM64.Build.0 = Release|ARM64
		{371B9FA9-4C90-4AC6-A123-ACED756D6C77}.Release|x64.ActiveCfg = Release|x64
		{371B9FA9-4C90-4AC6-A123-ACED756D6C77}.Release|x64.Build.0 = Release|x64
		{371B9FA9-4C90-4AC6-A123-ACED756D6C77}.Release|x86.ActiveCfg = Release|Win32
		{371B9FA9-4C90-4AC6-A123-ACED756D6C77}.Release|x86.Build.0 = Release|Win32
		{3F99B91E-AD05-40AB-9EE1-D041BDDCC510}.Debug|ARM64.ActiveCfg = Debug|x64
		{3F99B91E-AD05-40AB-9EE1-D041BDDCC510}.Debug|x64.ActiveCfg = Debug|x64
		{3F99B91E-AD05-40AB-9EE1-D041BDDCC510}.Debug|x64.Build.0 = Debug|x64
		{3F99B91E-AD05-40AB-9EE1-D041BDDCC510}.Debug|x86.ActiveCfg = Debug|x64
		{3F99B91E-AD05-40AB-9EE1-D041BDDCC510}.Profile|ARM64.ActiveCfg = Debug|x64
		{3F99B91E-AD05-40AB-9EE1-D041BDDCC510}.Profile|ARM64.Build.0 = Debug|x64
		{3F99B91E-AD05-40AB-9EE1-D041BDDCC510}.Profile|x64.ActiveCfg = Debug|x64
		{3F99B91E-AD05-40AB-9EE1-D041BDDCC510}.Profile|x64.Build.0 = Debug|x64
		{3F99B91E-AD05-40AB-9EE1-D041BDDCC510}.Profile|x86.ActiveCfg = Debug|x64
		{3F99B91E-AD05-40AB-9EE1-D041BDDCC510}.Profile|x86.Build.0 = Debug|x64
		{3F99B91E-AD05-40AB-9EE1-D041BDDCC510}.Release|ARM64.ActiveCfg = Release|x64
		{3F99B91E-AD05-40AB-9EE1-D041BDDCC510}.Release|x64.ActiveCfg = Release|x64
		{3F99B91E-AD05-40AB-9EE1-D041BDDCC510}.Release|x64.Build.0 = Release|x64
		{3F99B91E-AD05-40AB-9EE1-D041BDDCC510}.Release|x86.ActiveCfg = Release|x64
	EndGlobalSection
	GlobalSection(SolutionProperties) = preSolution
		HideSolutionNode = FALSE
	EndGlobalSection
	GlobalSection(NestedProjects) = preSolution
		{0FD81E73-F205-45BB-B6DE-B65C0F92E2B5} = {86A76985-935B-4E70-81A2-2D66EA32E7C4}
		{CAA3997E-B52A-4F68-AFA9-944780EA90B7} = {86A76985-935B-4E70-81A2-2D66EA32E7C4}
		{AB2989CB-CEC4-49C5-8BB6-F9D7BBE774DC} = {86A76985-935B-4E70-81A2-2D66EA32E7C4}
		{FE9717AC-A480-4349-9715-16BBFBBAD3CE} = {86A76985-935B-4E70-81A2-2D66EA32E7C4}
		{44FFFFA9-F1E3-473E-AD4A-7BF36A4E19B8} = {86A76985-935B-4E70-81A2-2D66EA32E7C4}
		{371B9FA9-4C90-4AC6-A123-ACED756D6C77} = {86A76985-935B-4E70-81A2-2D66EA32E7C4}
		{3F99B91E-AD05-40AB-9EE1-D041BDDCC510} = {86A76985-935B-4E70-81A2-2D66EA32E7C4}
	EndGlobalSection
	GlobalSection(ExtensibilityGlobals) = postSolution
		SolutionGuid = {1F54558B-BA19-4FA2-9182-7BBAE8C5E90C}
	EndGlobalSection
EndGlobal
